github.com/aarontianqx/gopkg/common v0.0.5 h1:ebkMgGeFOvgfOVI1vd3c1kXTbFGy798nush8gQGolB8=
github.com/aarontianqx/gopkg/common v0.0.5/go.mod h1:bGqxHCylHNx1PhCZElyKci/ZVOUGlmne3AFZMOAahVE=
github.com/aarontianqx/gopkg/random v0.0.1 h1:Ot4bLgDGiJV9aSSQJ45JBWavH+WjkJMSJ0jZlp/hfuI=
github.com/aarontianqx/gopkg/random v0.0.1/go.mod h1:s34CnQPucvZl38zBgpW6Zeszy9WWjDO8TwGGyIrlCCY=
github.com/robfig/cron/v3 v3.0.1 h1:WdRxkvbJztn8LMz/QEvLN5sBU+xKpSqwwUO1Pjr4qDs=
github.com/robfig/cron/v3 v3.0.1/go.mod h1:eQICP3HwyT7UooqI/z+Ov+PtYAWygg1TEWWzGIFLtro=
golang.org/x/exp v0.0.0-20250408133849-7e4ce0ab07d0 h1:R84qjqJb5nVJMxqWYb3np9L5ZsaDtB+a39EqjV0JSUM=
golang.org/x/exp v0.0.0-20250408133849-7e4ce0ab07d0/go.mod h1:S9Xr4PYopiDyqSyp5NjCrhFrqg6A5zA2E/iPHPhqnS8=
